{
  "requires": true,
  "lockfileVersion": 1,
  "dependencies": {
    "@syncfusion/ej2-base": {
      "version": "17.4.47",
      "resolved": "https://registry.npmjs.org/@syncfusion/ej2-base/-/ej2-base-17.4.47.tgz",
      "integrity": "sha512-NtW0IKgLYzq4fZBmyG+kT3WEDqD9Wq+fsUkg6k1xQjp8Xy6zCqJul2U15BDF8GwY9nIH/nvsoPFV5+025ypJnA==",
      "requires": {
        "@syncfusion/ej2-icons": "~17.4.47"
      }
    },
    "@syncfusion/ej2-buttons": {
      "version": "17.4.49",
      "resolved": "https://registry.npmjs.org/@syncfusion/ej2-buttons/-/ej2-buttons-17.4.49.tgz",
      "integrity": "sha512-1Ohe1q8lwg+8e7f0TQzOdDS4l1giDArz3OqPeH92loQvnG2naXG7kHsKaAaADa/0x1B7vWZKLYBg63t30F1RcA==",
      "requires": {
        "@syncfusion/ej2-base": "~17.4.47"
      }
    },
    "@syncfusion/ej2-calendars": {
      "version": "17.4.49",
      "resolved": "https://registry.npmjs.org/@syncfusion/ej2-calendars/-/ej2-calendars-17.4.49.tgz",
      "integrity": "sha512-GgYV9U33EkzY37PmCco3gw98BE7/NpcrGg9X9imSz2aO/lGpQiKaIrwg6dUKmPpLor/DwncxK5gMqjgkuY2m6Q==",
      "requires": {
        "@syncfusion/ej2-base": "~17.4.47",
        "@syncfusion/ej2-buttons": "~17.4.49",
        "@syncfusion/ej2-inputs": "~17.4.47",
        "@syncfusion/ej2-lists": "~17.4.47",
        "@syncfusion/ej2-popups": "~17.4.49"
      }
    },
    "@syncfusion/ej2-data": {
      "version": "17.4.47",
      "resolved": "https://registry.npmjs.org/@syncfusion/ej2-data/-/ej2-data-17.4.47.tgz",
      "integrity": "sha512-gcpGo6PAlp47mf+WkIS7dUfi2Z9ZEXfs5wdDogDikEUkspPvsQHN853lZj861uXBhtCRMmI4RwIf6K91sZVZAg==",
      "requires": {
        "@syncfusion/ej2-base": "~17.4.47"
      }
    },
    "@syncfusion/ej2-icons": {
      "version": "17.4.47",
      "resolved": "https://registry.npmjs.org/@syncfusion/ej2-icons/-/ej2-icons-17.4.47.tgz",
      "integrity": "sha512-u+6f53FUKPEOVf2ZXVTFOZtqNSkoe4z0VDHjOQXIeX1iLnBjTEgKoKiQXEZGncB814wKW2RJ6htEhgVZW6yxzw=="
    },
    "@syncfusion/ej2-inputs": {
      "version": "17.4.47",
      "resolved": "https://registry.npmjs.org/@syncfusion/ej2-inputs/-/ej2-inputs-17.4.47.tgz",
      "integrity": "sha512-Eo3eAbFEHcQesr2vvhwx8gGEoY2KHmHa9lPjkmRqb+fAcLieWMU+Wl5VO0UN3dE+Fx28QCEkWS/7pfuvnJLnrg==",
      "requires": {
        "@syncfusion/ej2-base": "~17.4.47",
        "@syncfusion/ej2-buttons": "~17.4.47",
        "@syncfusion/ej2-popups": "~17.4.47",
        "@syncfusion/ej2-splitbuttons": "~17.4.47"
      }
    },
    "@syncfusion/ej2-lists": {
      "version": "17.4.47",
      "resolved": "https://registry.npmjs.org/@syncfusion/ej2-lists/-/ej2-lists-17.4.47.tgz",
      "integrity": "sha512-DAGxrScsuToio1jEPx4GaKDEKf+TMO7O6UetP3i/F4Xj6XDkSGBap+q2t0cVq5Sy8V87Isv1IFFvPXZ7aWNJRg==",
      "requires": {
        "@syncfusion/ej2-base": "~17.4.47",
        "@syncfusion/ej2-buttons": "~17.4.47",
        "@syncfusion/ej2-data": "~17.4.47"
      }
    },
    "@syncfusion/ej2-popups": {
      "version": "17.4.49",
      "resolved": "https://registry.npmjs.org/@syncfusion/ej2-popups/-/ej2-popups-17.4.49.tgz",
      "integrity": "sha512-4T9I+PoSwPnE9sTUI3dttxUTIppW/dsVSwi/XoCsASsQqrT4U0As27o1tek9v1FshydZRna9R6iX9pv0ux663w==",
      "requires": {
        "@syncfusion/ej2-base": "~17.4.47",
        "@syncfusion/ej2-buttons": "~17.4.49"
      }
    },
    "@syncfusion/ej2-splitbuttons": {
      "version": "17.4.49",
      "resolved": "https://registry.npmjs.org/@syncfusion/ej2-splitbuttons/-/ej2-splitbuttons-17.4.49.tgz",
      "integrity": "sha512-nnBFzoR5UxCPaaQZUV31L9+hL13x223Tt7lhvqnxTDNmDb2MTwXQ3PPN/VYhza1AQnQjY17Ro7HPqPF7pbMnHQ==",
      "requires": {
        "@syncfusion/ej2-base": "~17.4.47",
        "@syncfusion/ej2-popups": "~17.4.49"
      }
    }
  }
}
